
Microsoft Visual Studio Solution File, Format Version 12.00
# Visual Studio Version 16
VisualStudioVersion = 16.0.29230.47
MinimumVisualStudioVersion = 10.0.40219.1
Project("{FAE04EC0-301F-11D3-BF4B-00C04F79EFBC}") = "InterfaceListagem", "ListagemDePastas\InterfaceListagem.csproj", "{A61B9DF9-7F55-4F5F-BA31-A6237817175E}"
EndProject
Global
	GlobalSection(SolutionConfigurationPlatforms) = preSolution
		Debug|Any CPU = Debug|Any CPU
		Release|Any CPU = Release|Any CPU
	EndGlobalSection
	GlobalSection(ProjectConfigurationPlatforms) = postSolution
		{A61B9DF9-7F55-4F5F-BA31-A6237817175E}.Debug|Any CPU.ActiveCfg = Debug|Any CPU
		{A61B9DF9-7F55-4F5F-BA31-A6237817175E}.Debug|Any CPU.Build.0 = Debug|Any CPU
		{A61B9DF9-7F55-4F5F-BA31-A6237817175E}.Release|Any CPU.ActiveCfg = Release|Any CPU
		{A61B9DF9-7F55-4F5F-BA31-A6237817175E}.Release|Any CPU.Build.0 = Release|Any CPU
	EndGlobalSection
	GlobalSection(SolutionProperties) = preSolution
		HideSolutionNode = FALSE
	EndGlobalSection
	GlobalSection(ExtensibilityGlobals) = postSolution
		SolutionGuid = {6A0770F8-73EF-42BF-9EC6-BE2AC9A166A0}
	EndGlobalSection
EndGlobal
