
Microsoft Visual Studio Solution File, Format Version 12.00
# Visual Studio Version 16
VisualStudioVersion = 16.0.29230.47
MinimumVisualStudioVersion = 10.0.40219.1
Project("{FAE04EC0-301F-11D3-BF4B-00C04F79EFBC}") = "RevisaoEntity", "RevisaoEntity\RevisaoEntity.csproj", "{7AE80288-C4D7-45DC-B750-C007FA6EDF61}"
EndProject
Project("{FAE04EC0-301F-11D3-BF4B-00C04F79EFBC}") = "AplicacaoVisual", "AplicacaoVisual\AplicacaoVisual.csproj", "{7C9921C5-EFE5-497E-9949-F19538CD01FC}"
EndProject
Global
	GlobalSection(SolutionConfigurationPlatforms) = preSolution
		Debug|Any CPU = Debug|Any CPU
		Release|Any CPU = Release|Any CPU
	EndGlobalSection
	GlobalSection(ProjectConfigurationPlatforms) = postSolution
		{7AE80288-C4D7-45DC-B750-C007FA6EDF61}.Debug|Any CPU.ActiveCfg = Debug|Any CPU
		{7AE80288-C4D7-45DC-B750-C007FA6EDF61}.Debug|Any CPU.Build.0 = Debug|Any CPU
		{7AE80288-C4D7-45DC-B750-C007FA6EDF61}.Release|Any CPU.ActiveCfg = Release|Any CPU
		{7AE80288-C4D7-45DC-B750-C007FA6EDF61}.Release|Any CPU.Build.0 = Release|Any CPU
		{7C9921C5-EFE5-497E-9949-F19538CD01FC}.Debug|Any CPU.ActiveCfg = Debug|Any CPU
		{7C9921C5-EFE5-497E-9949-F19538CD01FC}.Debug|Any CPU.Build.0 = Debug|Any CPU
		{7C9921C5-EFE5-497E-9949-F19538CD01FC}.Release|Any CPU.ActiveCfg = Release|Any CPU
		{7C9921C5-EFE5-497E-9949-F19538CD01FC}.Release|Any CPU.Build.0 = Release|Any CPU
	EndGlobalSection
	GlobalSection(SolutionProperties) = preSolution
		HideSolutionNode = FALSE
	EndGlobalSection
	GlobalSection(ExtensibilityGlobals) = postSolution
		SolutionGuid = {513612BE-50D6-4B8C-8791-226FA0334DC1}
	EndGlobalSection
EndGlobal
