
Microsoft Visual Studio Solution File, Format Version 12.00
# Visual Studio Version 16
VisualStudioVersion = 16.0.29230.47
MinimumVisualStudioVersion = 10.0.40219.1
Project("{FAE04EC0-301F-11D3-BF4B-00C04F79EFBC}") = "ForeachNaLista", "ForeachNaLista\ForeachNaLista.csproj", "{195F252F-A381-4A5A-8E17-54E2ECE0DC6E}"
EndProject
Project("{FAE04EC0-301F-11D3-BF4B-00C04F79EFBC}") = "ForeachNaLista2", "ForeachNaLista2\ForeachNaLista2.csproj", "{97C72CD9-F647-4126-B8FF-6EDA7B031B69}"
EndProject
Project("{FAE04EC0-301F-11D3-BF4B-00C04F79EFBC}") = "MetodosPublicos", "MetodosPublicos\MetodosPublicos.csproj", "{369C059F-FF51-4CCB-A46A-70AD4F9DDAE2}"
EndProject
Project("{FAE04EC0-301F-11D3-BF4B-00C04F79EFBC}") = "ConversorMonetario", "ConversorMonetario\ConversorMonetario.csproj", "{83F3B4AB-9FC4-4914-878B-019861158225}"
EndProject
Project("{FAE04EC0-301F-11D3-BF4B-00C04F79EFBC}") = "ConversorMonetarioRESUMAO", "ConversorMonetarioRESUMAO\ConversorMonetarioRESUMAO.csproj", "{DF8737FB-B98E-4368-A246-CC0242203BFC}"
EndProject
Global
	GlobalSection(SolutionConfigurationPlatforms) = preSolution
		Debug|Any CPU = Debug|Any CPU
		Release|Any CPU = Release|Any CPU
	EndGlobalSection
	GlobalSection(ProjectConfigurationPlatforms) = postSolution
		{195F252F-A381-4A5A-8E17-54E2ECE0DC6E}.Debug|Any CPU.ActiveCfg = Debug|Any CPU
		{195F252F-A381-4A5A-8E17-54E2ECE0DC6E}.Debug|Any CPU.Build.0 = Debug|Any CPU
		{195F252F-A381-4A5A-8E17-54E2ECE0DC6E}.Release|Any CPU.ActiveCfg = Release|Any CPU
		{195F252F-A381-4A5A-8E17-54E2ECE0DC6E}.Release|Any CPU.Build.0 = Release|Any CPU
		{97C72CD9-F647-4126-B8FF-6EDA7B031B69}.Debug|Any CPU.ActiveCfg = Debug|Any CPU
		{97C72CD9-F647-4126-B8FF-6EDA7B031B69}.Debug|Any CPU.Build.0 = Debug|Any CPU
		{97C72CD9-F647-4126-B8FF-6EDA7B031B69}.Release|Any CPU.ActiveCfg = Release|Any CPU
		{97C72CD9-F647-4126-B8FF-6EDA7B031B69}.Release|Any CPU.Build.0 = Release|Any CPU
		{369C059F-FF51-4CCB-A46A-70AD4F9DDAE2}.Debug|Any CPU.ActiveCfg = Debug|Any CPU
		{369C059F-FF51-4CCB-A46A-70AD4F9DDAE2}.Debug|Any CPU.Build.0 = Debug|Any CPU
		{369C059F-FF51-4CCB-A46A-70AD4F9DDAE2}.Release|Any CPU.ActiveCfg = Release|Any CPU
		{369C059F-FF51-4CCB-A46A-70AD4F9DDAE2}.Release|Any CPU.Build.0 = Release|Any CPU
		{83F3B4AB-9FC4-4914-878B-019861158225}.Debug|Any CPU.ActiveCfg = Debug|Any CPU
		{83F3B4AB-9FC4-4914-878B-019861158225}.Debug|Any CPU.Build.0 = Debug|Any CPU
		{83F3B4AB-9FC4-4914-878B-019861158225}.Release|Any CPU.ActiveCfg = Release|Any CPU
		{83F3B4AB-9FC4-4914-878B-019861158225}.Release|Any CPU.Build.0 = Release|Any CPU
		{DF8737FB-B98E-4368-A246-CC0242203BFC}.Debug|Any CPU.ActiveCfg = Debug|Any CPU
		{DF8737FB-B98E-4368-A246-CC0242203BFC}.Debug|Any CPU.Build.0 = Debug|Any CPU
		{DF8737FB-B98E-4368-A246-CC0242203BFC}.Release|Any CPU.ActiveCfg = Release|Any CPU
		{DF8737FB-B98E-4368-A246-CC0242203BFC}.Release|Any CPU.Build.0 = Release|Any CPU
	EndGlobalSection
	GlobalSection(SolutionProperties) = preSolution
		HideSolutionNode = FALSE
	EndGlobalSection
	GlobalSection(ExtensibilityGlobals) = postSolution
		SolutionGuid = {E085087D-5CC7-4AEB-B11C-729F13EBA27D}
	EndGlobalSection
EndGlobal
