
Microsoft Visual Studio Solution File, Format Version 12.00
# Visual Studio Version 16
VisualStudioVersion = 16.0.29230.47
MinimumVisualStudioVersion = 10.0.40219.1
Project("{FAE04EC0-301F-11D3-BF4B-00C04F79EFBC}") = "AcessandoInformacoes", "AcessandoInformacoes\AcessandoInformacoes.csproj", "{4CD6A0DC-0A20-4D3B-8F3D-42E74D9FAEAE}"
EndProject
Project("{FAE04EC0-301F-11D3-BF4B-00C04F79EFBC}") = "MinhaBiblioteca", "MinhaBiblioteca\MinhaBiblioteca.csproj", "{3F5C9FF3-6C56-4E5E-B336-7D182D0EFB71}"
EndProject
Global
	GlobalSection(SolutionConfigurationPlatforms) = preSolution
		Debug|Any CPU = Debug|Any CPU
		Release|Any CPU = Release|Any CPU
	EndGlobalSection
	GlobalSection(ProjectConfigurationPlatforms) = postSolution
		{4CD6A0DC-0A20-4D3B-8F3D-42E74D9FAEAE}.Debug|Any CPU.ActiveCfg = Debug|Any CPU
		{4CD6A0DC-0A20-4D3B-8F3D-42E74D9FAEAE}.Debug|Any CPU.Build.0 = Debug|Any CPU
		{4CD6A0DC-0A20-4D3B-8F3D-42E74D9FAEAE}.Release|Any CPU.ActiveCfg = Release|Any CPU
		{4CD6A0DC-0A20-4D3B-8F3D-42E74D9FAEAE}.Release|Any CPU.Build.0 = Release|Any CPU
		{3F5C9FF3-6C56-4E5E-B336-7D182D0EFB71}.Debug|Any CPU.ActiveCfg = Debug|Any CPU
		{3F5C9FF3-6C56-4E5E-B336-7D182D0EFB71}.Debug|Any CPU.Build.0 = Debug|Any CPU
		{3F5C9FF3-6C56-4E5E-B336-7D182D0EFB71}.Release|Any CPU.ActiveCfg = Release|Any CPU
		{3F5C9FF3-6C56-4E5E-B336-7D182D0EFB71}.Release|Any CPU.Build.0 = Release|Any CPU
	EndGlobalSection
	GlobalSection(SolutionProperties) = preSolution
		HideSolutionNode = FALSE
	EndGlobalSection
	GlobalSection(ExtensibilityGlobals) = postSolution
		SolutionGuid = {164D74A5-2F07-4883-B35E-55538372AB12}
	EndGlobalSection
EndGlobal
